
Microsoft Visual Studio Solution File, Format Version 12.00
# Visual Studio Version 17
VisualStudioVersion = 17.9.34714.143
MinimumVisualStudioVersion = 10.0.40219.1
Project("{FAE04EC0-301F-11D3-BF4B-00C04F79EFBC}") = "agenda-on-api-netcore", "agenda-on-api-netcore\agenda-on-api-netcore.csproj", "{79B3A9D7-824C-4767-9028-E30FB5596431}"
EndProject
Global
	GlobalSection(SolutionConfigurationPlatforms) = preSolution
		Debug|Any CPU = Debug|Any CPU
		Release|Any CPU = Release|Any CPU
	EndGlobalSection
	GlobalSection(ProjectConfigurationPlatforms) = postSolution
		{79B3A9D7-824C-4767-9028-E30FB5596431}.Debug|Any CPU.ActiveCfg = Debug|Any CPU
		{79B3A9D7-824C-4767-9028-E30FB5596431}.Debug|Any CPU.Build.0 = Debug|Any CPU
		{79B3A9D7-824C-4767-9028-E30FB5596431}.Release|Any CPU.ActiveCfg = Release|Any CPU
		{79B3A9D7-824C-4767-9028-E30FB5596431}.Release|Any CPU.Build.0 = Release|Any CPU
	EndGlobalSection
	GlobalSection(SolutionProperties) = preSolution
		HideSolutionNode = FALSE
	EndGlobalSection
	GlobalSection(ExtensibilityGlobals) = postSolution
		SolutionGuid = {07DBBEF5-6D4E-42D5-86F6-14890054EE49}
	EndGlobalSection
EndGlobal
